github.com/gloo-foo/framework v0.0.3 h1:1ZmonNQ0ftuIrDEQ2G/mfY4qcODLyECI71UxtEgo1Fw=
github.com/gloo-foo/framework v0.0.3/go.mod h1:p9P7iz84iZ4+c7BoOrVcKl7yuWVZ79eaCmWkM44FJ4c=
github.com/gloo-foo/pipe v0.0.3 h1:kYPFh/8MTAxeATzy6r7Rh4HyLdRb+fHOamI5ghRwC9U=
github.com/gloo-foo/pipe v0.0.3/go.mod h1:Mxe9K/WSNbV0AQItruRMNo5JEYGHjiMUfJR1sAg6nCY=
github.com/yupsh/cat v0.0.3 h1:yFG5loPRTRYuBXHn8eCjUKZiCfFDy1IQaKfGgHwT0AU=
github.com/yupsh/cat v0.0.3/go.mod h1:3Q1EfrLVcXRcHf1iA4vTs2jRocQWkJQ6piJiSgVipKg=
github.com/yupsh/echo v0.0.3 h1:f0L5oRuIyP0AIKfzrblz6Hz/Unq5veZtMM0gRbWamjI=
github.com/yupsh/echo v0.0.3/go.mod h1:QPm8eOZbCd0Dj2+b25rGgBVpdtwIk7wUqOFCPKcGhbY=
github.com/yupsh/grep v0.0.3 h1:SIZelb+UHzMrpisNppjHCyDwEa15W2H9j/GjLkuoOUQ=
github.com/yupsh/grep v0.0.3/go.mod h1:Ef3np/dvUtYk6Kw3Xbpp8ekqzWpBWlSrOV/tTEZap2o=
github.com/yupsh/ls v0.0.3 h1:Ptt3YgiIwFDaqUiuIjXwx7kiQUENnI4QJD6mUl4ZVdc=
github.com/yupsh/ls v0.0.3/go.mod h1:+NehxdQQLPW8ldpbNRtZ4shmzhN6JovKCwRgg9e8rr4=
github.com/yupsh/tee v0.0.3 h1:VDVRhVTvb4PyDD70cYBt6M2JF1zDnsX8HA8/StrF0wQ=
github.com/yupsh/tee v0.0.3/go.mod h1:RMq9gs9rKsk8Fvbt/kzSBBW8YHH6ISR4ecFi9pAnp3E=
github.com/yupsh/while v0.0.3 h1:Gm8NBJ4Uluuj9myAJT76BDCJSjRvdaSgzNEV0uPuN5I=
github.com/yupsh/while v0.0.3/go.mod h1:ud8xT7zJNzCyS/pa23y7+DsPA83+CIX5+CGaQTR7q6Q=
github.com/yupsh/while v0.0.4 h1:EcAA2OofHaUYSDUaAE+J0FfxhNxiQaF8BfUMlR/wNyI=
github.com/yupsh/while v0.0.4/go.mod h1:ud8xT7zJNzCyS/pa23y7+DsPA83+CIX5+CGaQTR7q6Q=
