github.com/gloo-foo/framework v0.0.3 h1:1ZmonNQ0ftuIrDEQ2G/mfY4qcODLyECI71UxtEgo1Fw=
github.com/gloo-foo/framework v0.0.3/go.mod h1:p9P7iz84iZ4+c7BoOrVcKl7yuWVZ79eaCmWkM44FJ4c=
github.com/gloo-foo/pipe v0.0.3 h1:kYPFh/8MTAxeATzy6r7Rh4HyLdRb+fHOamI5ghRwC9U=
github.com/gloo-foo/pipe v0.0.3/go.mod h1:Mxe9K/WSNbV0AQItruRMNo5JEYGHjiMUfJR1sAg6nCY=
github.com/yupsh/awk v0.0.3 h1:zrWNiZ/qnbUdRBqEVlD6w9lB6iTLm0NFqn0Vga22RQY=
github.com/yupsh/awk v0.0.3/go.mod h1:zQXiAdC+X23jf0ftmF4HEW3aNJwO1q0Nftpcx/aiFzo=
github.com/yupsh/echo v0.0.3 h1:f0L5oRuIyP0AIKfzrblz6Hz/Unq5veZtMM0gRbWamjI=
github.com/yupsh/echo v0.0.3/go.mod h1:QPm8eOZbCd0Dj2+b25rGgBVpdtwIk7wUqOFCPKcGhbY=
github.com/yupsh/find v0.0.3 h1:jllLxZB0mTSltEQGKciewuO3w/pIvJyVvp3Xs1Wn9i4=
github.com/yupsh/find v0.0.3/go.mod h1:sKlxeNs7jx8FlkPZ7G8BbWmb00hpZcJ5sKnV61fihiw=
github.com/yupsh/head v0.0.3 h1:YLjo0vx07b0JkmB0f0LMYUZlt4k22WUoVwpwtH0EYME=
github.com/yupsh/head v0.0.3/go.mod h1:nXc8CW/oUS+5aUyVqZjMIyeoneRWcKdK/nAMLt99Gjw=
github.com/yupsh/sort v0.0.3 h1:+qeU7nNSHHPdzuOCyhVofpY3+bXPG7eZX8j8aMI74qA=
github.com/yupsh/sort v0.0.3/go.mod h1:kCea7Yqti5OpeLRaGqCAwtJpqrwQRe7lBdiFiRrhYw8=
github.com/yupsh/uniq v0.0.3 h1:d7wlDoX3SWxun/hqj3GOGtOGCx27aJ0XASQyWIpsHlk=
github.com/yupsh/uniq v0.0.3/go.mod h1:Z6LCJKyw9/EaxtTI4/CE6b8lcm7Fs/EBR4IeGnYMAX4=
github.com/yupsh/while v0.0.3 h1:Gm8NBJ4Uluuj9myAJT76BDCJSjRvdaSgzNEV0uPuN5I=
github.com/yupsh/while v0.0.3/go.mod h1:ud8xT7zJNzCyS/pa23y7+DsPA83+CIX5+CGaQTR7q6Q=
github.com/yupsh/while v0.0.4 h1:EcAA2OofHaUYSDUaAE+J0FfxhNxiQaF8BfUMlR/wNyI=
github.com/yupsh/while v0.0.4/go.mod h1:ud8xT7zJNzCyS/pa23y7+DsPA83+CIX5+CGaQTR7q6Q=
